
Microsoft Visual Studio Solution File, Format Version 11.00
# Visual Studio 2010
Project("{FAE04EC0-301F-11D3-BF4B-00C04F79EFBC}") = "Question.Beta", "Question.Beta\Question.Beta.csproj", "{B2147453-939C-47E6-AC59-E7347E1C76C7}"
EndProject
Project("{FAE04EC0-301F-11D3-BF4B-00C04F79EFBC}") = "DataBase", "DataBase\DataBase.csproj", "{97126D85-0461-4C22-8380-571ED89BB34F}"
EndProject
Project("{FAE04EC0-301F-11D3-BF4B-00C04F79EFBC}") = "WebUIFunction", "WebUIFunction\WebUIFunction.csproj", "{863B7672-F5F7-4D0D-9825-518C74D16FAD}"
EndProject
Project("{FAE04EC0-301F-11D3-BF4B-00C04F79EFBC}") = "CSTemplate", "CSTemplate\CSTemplate.csproj", "{271C2D2C-8734-495E-AA6F-2F13A125CD9E}"
EndProject
Global
	GlobalSection(SolutionConfigurationPlatforms) = preSolution
		Debug|Any CPU = Debug|Any CPU
		Debug|Mixed Platforms = Debug|Mixed Platforms
		Debug|x86 = Debug|x86
		Release|Any CPU = Release|Any CPU
		Release|Mixed Platforms = Release|Mixed Platforms
		Release|x86 = Release|x86
	EndGlobalSection
	GlobalSection(ProjectConfigurationPlatforms) = postSolution
		{B2147453-939C-47E6-AC59-E7347E1C76C7}.Debug|Any CPU.ActiveCfg = Debug|Any CPU
		{B2147453-939C-47E6-AC59-E7347E1C76C7}.Debug|Any CPU.Build.0 = Debug|Any CPU
		{B2147453-939C-47E6-AC59-E7347E1C76C7}.Debug|Mixed Platforms.ActiveCfg = Debug|Any CPU
		{B2147453-939C-47E6-AC59-E7347E1C76C7}.Debug|Mixed Platforms.Build.0 = Debug|Any CPU
		{B2147453-939C-47E6-AC59-E7347E1C76C7}.Debug|x86.ActiveCfg = Debug|Any CPU
		{B2147453-939C-47E6-AC59-E7347E1C76C7}.Release|Any CPU.ActiveCfg = Release|Any CPU
		{B2147453-939C-47E6-AC59-E7347E1C76C7}.Release|Any CPU.Build.0 = Release|Any CPU
		{B2147453-939C-47E6-AC59-E7347E1C76C7}.Release|Mixed Platforms.ActiveCfg = Release|Any CPU
		{B2147453-939C-47E6-AC59-E7347E1C76C7}.Release|Mixed Platforms.Build.0 = Release|Any CPU
		{B2147453-939C-47E6-AC59-E7347E1C76C7}.Release|x86.ActiveCfg = Release|Any CPU
		{97126D85-0461-4C22-8380-571ED89BB34F}.Debug|Any CPU.ActiveCfg = Debug|Any CPU
		{97126D85-0461-4C22-8380-571ED89BB34F}.Debug|Any CPU.Build.0 = Debug|Any CPU
		{97126D85-0461-4C22-8380-571ED89BB34F}.Debug|Mixed Platforms.ActiveCfg = Debug|Any CPU
		{97126D85-0461-4C22-8380-571ED89BB34F}.Debug|Mixed Platforms.Build.0 = Debug|Any CPU
		{97126D85-0461-4C22-8380-571ED89BB34F}.Debug|x86.ActiveCfg = Debug|Any CPU
		{97126D85-0461-4C22-8380-571ED89BB34F}.Release|Any CPU.ActiveCfg = Release|Any CPU
		{97126D85-0461-4C22-8380-571ED89BB34F}.Release|Any CPU.Build.0 = Release|Any CPU
		{97126D85-0461-4C22-8380-571ED89BB34F}.Release|Mixed Platforms.ActiveCfg = Release|Any CPU
		{97126D85-0461-4C22-8380-571ED89BB34F}.Release|Mixed Platforms.Build.0 = Release|Any CPU
		{97126D85-0461-4C22-8380-571ED89BB34F}.Release|x86.ActiveCfg = Release|Any CPU
		{863B7672-F5F7-4D0D-9825-518C74D16FAD}.Debug|Any CPU.ActiveCfg = Debug|Any CPU
		{863B7672-F5F7-4D0D-9825-518C74D16FAD}.Debug|Any CPU.Build.0 = Debug|Any CPU
		{863B7672-F5F7-4D0D-9825-518C74D16FAD}.Debug|Mixed Platforms.ActiveCfg = Debug|Any CPU
		{863B7672-F5F7-4D0D-9825-518C74D16FAD}.Debug|Mixed Platforms.Build.0 = Debug|Any CPU
		{863B7672-F5F7-4D0D-9825-518C74D16FAD}.Debug|x86.ActiveCfg = Debug|Any CPU
		{863B7672-F5F7-4D0D-9825-518C74D16FAD}.Release|Any CPU.ActiveCfg = Release|Any CPU
		{863B7672-F5F7-4D0D-9825-518C74D16FAD}.Release|Any CPU.Build.0 = Release|Any CPU
		{863B7672-F5F7-4D0D-9825-518C74D16FAD}.Release|Mixed Platforms.ActiveCfg = Release|Any CPU
		{863B7672-F5F7-4D0D-9825-518C74D16FAD}.Release|Mixed Platforms.Build.0 = Release|Any CPU
		{863B7672-F5F7-4D0D-9825-518C74D16FAD}.Release|x86.ActiveCfg = Release|Any CPU
		{271C2D2C-8734-495E-AA6F-2F13A125CD9E}.Debug|Any CPU.ActiveCfg = Debug|x86
		{271C2D2C-8734-495E-AA6F-2F13A125CD9E}.Debug|Mixed Platforms.ActiveCfg = Debug|x86
		{271C2D2C-8734-495E-AA6F-2F13A125CD9E}.Debug|Mixed Platforms.Build.0 = Debug|x86
		{271C2D2C-8734-495E-AA6F-2F13A125CD9E}.Debug|x86.ActiveCfg = Debug|x86
		{271C2D2C-8734-495E-AA6F-2F13A125CD9E}.Debug|x86.Build.0 = Debug|x86
		{271C2D2C-8734-495E-AA6F-2F13A125CD9E}.Release|Any CPU.ActiveCfg = Release|x86
		{271C2D2C-8734-495E-AA6F-2F13A125CD9E}.Release|Mixed Platforms.ActiveCfg = Release|x86
		{271C2D2C-8734-495E-AA6F-2F13A125CD9E}.Release|Mixed Platforms.Build.0 = Release|x86
		{271C2D2C-8734-495E-AA6F-2F13A125CD9E}.Release|x86.ActiveCfg = Release|x86
		{271C2D2C-8734-495E-AA6F-2F13A125CD9E}.Release|x86.Build.0 = Release|x86
	EndGlobalSection
	GlobalSection(SolutionProperties) = preSolution
		HideSolutionNode = FALSE
	EndGlobalSection
EndGlobal
